
Microsoft Visual Studio Solution File, Format Version 12.00
# Visual Studio Version 16
VisualStudioVersion = 16.0.29519.87
MinimumVisualStudioVersion = 10.0.40219.1
Project("{FAE04EC0-301F-11D3-BF4B-00C04F79EFBC}") = "WhoPingMVC", "WhoPingMVC.csproj", "{E5BA9328-4FA7-4952-B061-F9EDDCD610BB}"
EndProject
Global
	GlobalSection(SolutionConfigurationPlatforms) = preSolution
		Debug|Any CPU = Debug|Any CPU
		Release|Any CPU = Release|Any CPU
	EndGlobalSection
	GlobalSection(ProjectConfigurationPlatforms) = postSolution
		{E5BA9328-4FA7-4952-B061-F9EDDCD610BB}.Debug|Any CPU.ActiveCfg = Debug|Any CPU
		{E5BA9328-4FA7-4952-B061-F9EDDCD610BB}.Debug|Any CPU.Build.0 = Debug|Any CPU
		{E5BA9328-4FA7-4952-B061-F9EDDCD610BB}.Release|Any CPU.ActiveCfg = Release|Any CPU
		{E5BA9328-4FA7-4952-B061-F9EDDCD610BB}.Release|Any CPU.Build.0 = Release|Any CPU
	EndGlobalSection
	GlobalSection(SolutionProperties) = preSolution
		HideSolutionNode = FALSE
	EndGlobalSection
	GlobalSection(ExtensibilityGlobals) = postSolution
		SolutionGuid = {E7DBA7E6-8ABB-4497-9D7F-9F50AEE07BB6}
	EndGlobalSection
EndGlobal
